
Microsoft Visual Studio Solution File, Format Version 12.00
# Visual Studio 15
VisualStudioVersion = 15.0.28010.2016
MinimumVisualStudioVersion = 10.0.40219.1
Project("{FAE04EC0-301F-11D3-BF4B-00C04F79EFBC}") = "Registro", "Registro\Registro.csproj", "{2384B310-F9D6-481F-AE2D-2785D3A24510}"
EndProject
Global
	GlobalSection(SolutionConfigurationPlatforms) = preSolution
		Debug|Any CPU = Debug|Any CPU
		Release|Any CPU = Release|Any CPU
	EndGlobalSection
	GlobalSection(ProjectConfigurationPlatforms) = postSolution
		{2384B310-F9D6-481F-AE2D-2785D3A24510}.Debug|Any CPU.ActiveCfg = Debug|Any CPU
		{2384B310-F9D6-481F-AE2D-2785D3A24510}.Debug|Any CPU.Build.0 = Debug|Any CPU
		{2384B310-F9D6-481F-AE2D-2785D3A24510}.Release|Any CPU.ActiveCfg = Release|Any CPU
		{2384B310-F9D6-481F-AE2D-2785D3A24510}.Release|Any CPU.Build.0 = Release|Any CPU
	EndGlobalSection
	GlobalSection(SolutionProperties) = preSolution
		HideSolutionNode = FALSE
	EndGlobalSection
	GlobalSection(ExtensibilityGlobals) = postSolution
		SolutionGuid = {F8E2A8C2-B81A-47BE-B059-03C67044DE7C}
	EndGlobalSection
EndGlobal
